// !$*UTF8*$!
{
	archiveVersion = 1;
	classes = {
	};
	objectVersion = 46;
	objects = {

/* Begin PBXBuildFile section */
		52FB6D471AE794C0009A49AA /* main.cpp in Sources */ = {isa = PBXBuildFile; fileRef = 52FB6D461AE794C0009A49AA /* main.cpp */; };
		52FB6D581AE7A917009A49AA /* TextEdit.cpp in Sources */ = {isa = PBXBuildFile; fileRef = 52FB6D561AE7A917009A49AA /* TextEdit.cpp */; };
/* End PBXBuildFile section */

/* Begin PBXCopyFilesBuildPhase section */
		52FB6D411AE794C0009A49AA /* CopyFiles */ = {
			isa = PBXCopyFilesBuildPhase;
			buildActionMask = 2147483647;
			dstPath = /usr/share/man/man1/;
			dstSubfolderSpec = 0;
			files = (
			);
			runOnlyForDeploymentPostprocessing = 1;
		};
/* End PBXCopyFilesBuildPhase section */

/* Begin PBXFileReference section */
		52FB6D431AE794C0009A49AA /* Undo-Redo */ = {isa = PBXFileReference; explicitFileType = "compiled.mach-o.executable"; includeInIndex = 0; path = "Undo-Redo"; sourceTree = BUILT_PRODUCTS_DIR; };
		52FB6D461AE794C0009A49AA /* main.cpp */ = {isa = PBXFileReference; lastKnownFileType = sourcecode.cpp.cpp; path = main.cpp; sourceTree = "<group>"; };
		52FB6D561AE7A917009A49AA /* TextEdit.cpp */ = {isa = PBXFileReference; fileEncoding = 4; lastKnownFileType = sourcecode.cpp.cpp; path = TextEdit.cpp; sourceTree = "<group>"; };
		52FB6D571AE7A917009A49AA /* TextEdit.h */ = {isa = PBXFileReference; fileEncoding = 4; lastKnownFileType = sourcecode.c.h; path = TextEdit.h; sourceTree = "<group>"; };
/* End PBXFileReference section */

/* Begin PBXFrameworksBuildPhase section */
		52FB6D401AE794C0009A49AA /* Frameworks */ = {
			isa = PBXFrameworksBuildPhase;
			buildActionMask = 2147483647;
			files = (
			);
			runOnlyForDeploymentPostprocessing = 0;
		};
/* End PBXFrameworksBuildPhase section */

/* Begin PBXGroup section */
		52FB6D3A1AE794C0009A49AA = {
			isa = PBXGroup;
			children = (
				52FB6D451AE794C0009A49AA /* Undo-Redo */,
				52FB6D441AE794C0009A49AA /* Products */,
			);
			sourceTree = "<group>";
		};
		52FB6D441AE794C0009A49AA /* Products */ = {
			isa = PBXGroup;
			children = (
				52FB6D431AE794C0009A49AA /* Undo-Redo */,
			);
			name = Products;
			sourceTree = "<group>";
		};
		52FB6D451AE794C0009A49AA /* Undo-Redo */ = {
			isa = PBXGroup;
			children = (
				52FB6D461AE794C0009A49AA /* main.cpp */,
				52FB6D561AE7A917009A49AA /* TextEdit.cpp */,
				52FB6D571AE7A917009A49AA /* TextEdit.h */,
			);
			path = "Undo-Redo";
			sourceTree = "<group>";
		};
/* End PBXGroup section */

/* Begin PBXNativeTarget section */
		52FB6D421AE794C0009A49AA /* Undo-Redo */ = {
			isa = PBXNativeTarget;
			buildConfigurationList = 52FB6D4A1AE794C0009A49AA /* Build configuration list for PBXNativeTarget "Undo-Redo" */;
			buildPhases = (
				52FB6D3F1AE794C0009A49AA /* Sources */,
				52FB6D401AE794C0009A49AA /* Frameworks */,
				52FB6D411AE794C0009A49AA /* CopyFiles */,
			);
			buildRules = (
			);
			dependencies = (
			);
			name = "Undo-Redo";
			productName = "Undo-Redo";
			productReference = 52FB6D431AE794C0009A49AA /* Undo-Redo */;
			productType = "com.apple.product-type.tool";
		};
/* End PBXNativeTarget section */

/* Begin PBXProject section */
		52FB6D3B1AE794C0009A49AA /* Project object */ = {
			isa = PBXProject;
			attributes = {
				LastUpgradeCheck = 0630;
				ORGANIZATIONNAME = "Anton Karazeev";
				TargetAttributes = {
					52FB6D421AE794C0009A49AA = {
						CreatedOnToolsVersion = 6.3.1;
					};
				};
			};
			buildConfigurationList = 52FB6D3E1AE794C0009A49AA /* Build configuration list for PBXProject "Undo-Redo" */;
			compatibilityVersion = "Xcode 3.2";
			developmentRegion = English;
			hasScannedForEncodings = 0;
			knownRegions = (
				en,
			);
			mainGroup = 52FB6D3A1AE794C0009A49AA;
			productRefGroup = 52FB6D441AE794C0009A49AA /* Products */;
			projectDirPath = "";
			projectRoot = "";
			targets = (
				52FB6D421AE794C0009A49AA /* Undo-Redo */,
			);
		};
/* End PBXProject section */

/* Begin PBXSourcesBuildPhase section */
		52FB6D3F1AE794C0009A49AA /* Sources */ = {
			isa = PBXSourcesBuildPhase;
			buildActionMask = 2147483647;
			files = (
				52FB6D581AE7A917009A49AA /* TextEdit.cpp in Sources */,
				52FB6D471AE794C0009A49AA /* main.cpp in Sources */,
			);
			runOnlyForDeploymentPostprocessing = 0;
		};
/* End PBXSourcesBuildPhase section */

/* Begin XCBuildConfiguration section */
		52FB6D481AE794C0009A49AA /* Debug */ = {
			isa = XCBuildConfiguration;
			buildSettings = {
				ALWAYS_SEARCH_USER_PATHS = NO;
				CLANG_CXX_LANGUAGE_STANDARD = "gnu++0x";
				CLANG_CXX_LIBRARY = "libc++";
				CLANG_ENABLE_MODULES = YES;
				CLANG_ENABLE_OBJC_ARC = YES;
				CLANG_WARN_BOOL_CONVERSION = YES;
				CLANG_WARN_CONSTANT_CONVERSION = YES;
				CLANG_WARN_DIRECT_OBJC_ISA_USAGE = YES_ERROR;
				CLANG_WARN_EMPTY_BODY = YES;
				CLANG_WARN_ENUM_CONVERSION = YES;
				CLANG_WARN_INT_CONVERSION = YES;
				CLANG_WARN_OBJC_ROOT_CLASS = YES_ERROR;
				CLANG_WARN_UNREACHABLE_CODE = YES;
				CLANG_WARN__DUPLICATE_METHOD_MATCH = YES;
				COPY_PHASE_STRIP = NO;
				DEBUG_INFORMATION_FORMAT = dwarf;
				ENABLE_STRICT_OBJC_MSGSEND = YES;
				GCC_C_LANGUAGE_STANDARD = gnu99;
				GCC_DYNAMIC_NO_PIC = NO;
				GCC_NO_COMMON_BLOCKS = YES;
				GCC_OPTIMIZATION_LEVEL = 0;
				GCC_PREPROCESSOR_DEFINITIONS = (
					"DEBUG=1",
					"$(inherited)",
				);
				GCC_SYMBOLS_PRIVATE_EXTERN = NO;
				GCC_WARN_64_TO_32_BIT_CONVERSION = YES;
				GCC_WARN_ABOUT_RETURN_TYPE = YES_ERROR;
				GCC_WARN_UNDECLARED_SELECTOR = YES;
				GCC_WARN_UNINITIALIZED_AUTOS = YES_AGGRESSIVE;
				GCC_WARN_UNUSED_FUNCTION = YES;
				GCC_WARN_UNUSED_VARIABLE = YES;
				MACOSX_DEPLOYMENT_TARGET = 10.10;
				MTL_ENABLE_DEBUG_INFO = YES;
				ONLY_ACTIVE_ARCH = YES;
				SDKROOT = macosx;
			};
			name = Debug;
		};
		52FB6D491AE794C0009A49AA /* Release */ = {
			isa = XCBuildConfiguration;
			buildSettings = {
				ALWAYS_SEARCH_USER_PATHS = NO;
				CLANG_CXX_LANGUAGE_STANDARD = "gnu++0x";
				CLANG_CXX_LIBRARY = "libc++";
				CLANG_ENABLE_MODULES = YES;
				CLANG_ENABLE_OBJC_ARC = YES;
				CLANG_WARN_BOOL_CONVERSION = YES;
				CLANG_WARN_CONSTANT_CONVERSION = YES;
				CLANG_WARN_DIRECT_OBJC_ISA_USAGE = YES_ERROR;
				CLANG_WARN_EMPTY_BODY = YES;
				CLANG_WARN_ENUM_CONVERSION = YES;
				CLANG_WARN_INT_CONVERSION = YES;
				CLANG_WARN_OBJC_ROOT_CLASS = YES_ERROR;
				CLANG_WARN_UNREACHABLE_CODE = YES;
				CLANG_WARN__DUPLICATE_METHOD_MATCH = YES;
				COPY_PHASE_STRIP = NO;
				DEBUG_INFORMATION_FORMAT = "dwarf-with-dsym";
				ENABLE_NS_ASSERTIONS = NO;
				ENABLE_STRICT_OBJC_MSGSEND = YES;
				GCC_C_LANGUAGE_STANDARD = gnu99;
				GCC_NO_COMMON_BLOCKS = YES;
				GCC_WARN_64_TO_32_BIT_CONVERSION = YES;
				GCC_WARN_ABOUT_RETURN_TYPE = YES_ERROR;
				GCC_WARN_UNDECLARED_SELECTOR = YES;
				GCC_WARN_UNINITIALIZED_AUTOS = YES_AGGRESSIVE;
				GCC_WARN_UNUSED_FUNCTION = YES;
				GCC_WARN_UNUSED_VARIABLE = YES;
				MACOSX_DEPLOYMENT_TARGET = 10.10;
				MTL_ENABLE_DEBUG_INFO = NO;
				SDKROOT = macosx;
			};
			name = Release;
		};
		52FB6D4B1AE794C0009A49AA /* Debug */ = {
			isa = XCBuildConfiguration;
			buildSettings = {
				PRODUCT_NAME = "$(TARGET_NAME)";
			};
			name = Debug;
		};
		52FB6D4C1AE794C0009A49AA /* Release */ = {
			isa = XCBuildConfiguration;
			buildSettings = {
				PRODUCT_NAME = "$(TARGET_NAME)";
			};
			name = Release;
		};
/* End XCBuildConfiguration section */

/* Begin XCConfigurationList section */
		52FB6D3E1AE794C0009A49AA /* Build configuration list for PBXProject "Undo-Redo" */ = {
			isa = XCConfigurationList;
			buildConfigurations = (
				52FB6D481AE794C0009A49AA /* Debug */,
				52FB6D491AE794C0009A49AA /* Release */,
			);
			defaultConfigurationIsVisible = 0;
			defaultConfigurationName = Release;
		};
		52FB6D4A1AE794C0009A49AA /* Build configuration list for PBXNativeTarget "Undo-Redo" */ = {
			isa = XCConfigurationList;
			buildConfigurations = (
				52FB6D4B1AE794C0009A49AA /* Debug */,
				52FB6D4C1AE794C0009A49AA /* Release */,
			);
			defaultConfigurationIsVisible = 0;
			defaultConfigurationName = Release;
		};
/* End XCConfigurationList section */
	};
	rootObject = 52FB6D3B1AE794C0009A49AA /* Project object */;
}
