// !$*UTF8*$!
{
	archiveVersion = 1;
	classes = {
	};
	objectVersion = 46;
	objects = {

/* Begin PBXBuildFile section */
		525CBC421B0343BC00CA6126 /* main.cpp in Sources */ = {isa = PBXBuildFile; fileRef = 525CBC411B0343BC00CA6126 /* main.cpp */; };
		525CBC5E1B0343D500CA6126 /* Graph.cpp in Sources */ = {isa = PBXBuildFile; fileRef = 525CBC5C1B0343D500CA6126 /* Graph.cpp */; };
/* End PBXBuildFile section */

/* Begin PBXCopyFilesBuildPhase section */
		525CBC3C1B0343BC00CA6126 /* CopyFiles */ = {
			isa = PBXCopyFilesBuildPhase;
			buildActionMask = 2147483647;
			dstPath = /usr/share/man/man1/;
			dstSubfolderSpec = 0;
			files = (
			);
			runOnlyForDeploymentPostprocessing = 1;
		};
/* End PBXCopyFilesBuildPhase section */

/* Begin PBXFileReference section */
		525CBC3E1B0343BC00CA6126 /* Graph */ = {isa = PBXFileReference; explicitFileType = "compiled.mach-o.executable"; includeInIndex = 0; path = Graph; sourceTree = BUILT_PRODUCTS_DIR; };
		525CBC411B0343BC00CA6126 /* main.cpp */ = {isa = PBXFileReference; lastKnownFileType = sourcecode.cpp.cpp; path = main.cpp; sourceTree = "<group>"; };
		525CBC5C1B0343D500CA6126 /* Graph.cpp */ = {isa = PBXFileReference; fileEncoding = 4; lastKnownFileType = sourcecode.cpp.cpp; path = Graph.cpp; sourceTree = "<group>"; };
		525CBC5D1B0343D500CA6126 /* Graph.h */ = {isa = PBXFileReference; fileEncoding = 4; lastKnownFileType = sourcecode.c.h; path = Graph.h; sourceTree = "<group>"; };
		525CBC5F1B0367D100CA6126 /* test.txt */ = {isa = PBXFileReference; fileEncoding = 4; lastKnownFileType = text; path = test.txt; sourceTree = "<group>"; };
/* End PBXFileReference section */

/* Begin PBXFrameworksBuildPhase section */
		525CBC3B1B0343BC00CA6126 /* Frameworks */ = {
			isa = PBXFrameworksBuildPhase;
			buildActionMask = 2147483647;
			files = (
			);
			runOnlyForDeploymentPostprocessing = 0;
		};
/* End PBXFrameworksBuildPhase section */

/* Begin PBXGroup section */
		525CBC351B0343BC00CA6126 = {
			isa = PBXGroup;
			children = (
				525CBC401B0343BC00CA6126 /* Graph */,
				525CBC3F1B0343BC00CA6126 /* Products */,
			);
			sourceTree = "<group>";
		};
		525CBC3F1B0343BC00CA6126 /* Products */ = {
			isa = PBXGroup;
			children = (
				525CBC3E1B0343BC00CA6126 /* Graph */,
			);
			name = Products;
			sourceTree = "<group>";
		};
		525CBC401B0343BC00CA6126 /* Graph */ = {
			isa = PBXGroup;
			children = (
				525CBC411B0343BC00CA6126 /* main.cpp */,
				525CBC5F1B0367D100CA6126 /* test.txt */,
				525CBC5C1B0343D500CA6126 /* Graph.cpp */,
				525CBC5D1B0343D500CA6126 /* Graph.h */,
			);
			path = Graph;
			sourceTree = "<group>";
		};
/* End PBXGroup section */

/* Begin PBXNativeTarget section */
		525CBC3D1B0343BC00CA6126 /* Graph */ = {
			isa = PBXNativeTarget;
			buildConfigurationList = 525CBC451B0343BC00CA6126 /* Build configuration list for PBXNativeTarget "Graph" */;
			buildPhases = (
				525CBC3A1B0343BC00CA6126 /* Sources */,
				525CBC3B1B0343BC00CA6126 /* Frameworks */,
				525CBC3C1B0343BC00CA6126 /* CopyFiles */,
			);
			buildRules = (
			);
			dependencies = (
			);
			name = Graph;
			productName = Graph;
			productReference = 525CBC3E1B0343BC00CA6126 /* Graph */;
			productType = "com.apple.product-type.tool";
		};
/* End PBXNativeTarget section */

/* Begin PBXProject section */
		525CBC361B0343BC00CA6126 /* Project object */ = {
			isa = PBXProject;
			attributes = {
				LastUpgradeCheck = 0630;
				ORGANIZATIONNAME = "Anton Karazeev";
				TargetAttributes = {
					525CBC3D1B0343BC00CA6126 = {
						CreatedOnToolsVersion = 6.3.1;
					};
				};
			};
			buildConfigurationList = 525CBC391B0343BC00CA6126 /* Build configuration list for PBXProject "Graph" */;
			compatibilityVersion = "Xcode 3.2";
			developmentRegion = English;
			hasScannedForEncodings = 0;
			knownRegions = (
				en,
			);
			mainGroup = 525CBC351B0343BC00CA6126;
			productRefGroup = 525CBC3F1B0343BC00CA6126 /* Products */;
			projectDirPath = "";
			projectRoot = "";
			targets = (
				525CBC3D1B0343BC00CA6126 /* Graph */,
			);
		};
/* End PBXProject section */

/* Begin PBXSourcesBuildPhase section */
		525CBC3A1B0343BC00CA6126 /* Sources */ = {
			isa = PBXSourcesBuildPhase;
			buildActionMask = 2147483647;
			files = (
				525CBC5E1B0343D500CA6126 /* Graph.cpp in Sources */,
				525CBC421B0343BC00CA6126 /* main.cpp in Sources */,
			);
			runOnlyForDeploymentPostprocessing = 0;
		};
/* End PBXSourcesBuildPhase section */

/* Begin XCBuildConfiguration section */
		525CBC431B0343BC00CA6126 /* Debug */ = {
			isa = XCBuildConfiguration;
			buildSettings = {
				ALWAYS_SEARCH_USER_PATHS = NO;
				CLANG_CXX_LANGUAGE_STANDARD = "gnu++0x";
				CLANG_CXX_LIBRARY = "libc++";
				CLANG_ENABLE_MODULES = YES;
				CLANG_ENABLE_OBJC_ARC = YES;
				CLANG_WARN_BOOL_CONVERSION = YES;
				CLANG_WARN_CONSTANT_CONVERSION = YES;
				CLANG_WARN_DIRECT_OBJC_ISA_USAGE = YES_ERROR;
				CLANG_WARN_EMPTY_BODY = YES;
				CLANG_WARN_ENUM_CONVERSION = YES;
				CLANG_WARN_INT_CONVERSION = YES;
				CLANG_WARN_OBJC_ROOT_CLASS = YES_ERROR;
				CLANG_WARN_UNREACHABLE_CODE = YES;
				CLANG_WARN__DUPLICATE_METHOD_MATCH = YES;
				COPY_PHASE_STRIP = NO;
				DEBUG_INFORMATION_FORMAT = dwarf;
				ENABLE_STRICT_OBJC_MSGSEND = YES;
				GCC_C_LANGUAGE_STANDARD = gnu99;
				GCC_DYNAMIC_NO_PIC = NO;
				GCC_NO_COMMON_BLOCKS = YES;
				GCC_OPTIMIZATION_LEVEL = 0;
				GCC_PREPROCESSOR_DEFINITIONS = (
					"DEBUG=1",
					"$(inherited)",
				);
				GCC_SYMBOLS_PRIVATE_EXTERN = NO;
				GCC_WARN_64_TO_32_BIT_CONVERSION = YES;
				GCC_WARN_ABOUT_RETURN_TYPE = YES_ERROR;
				GCC_WARN_UNDECLARED_SELECTOR = YES;
				GCC_WARN_UNINITIALIZED_AUTOS = YES_AGGRESSIVE;
				GCC_WARN_UNUSED_FUNCTION = YES;
				GCC_WARN_UNUSED_VARIABLE = YES;
				MACOSX_DEPLOYMENT_TARGET = 10.10;
				MTL_ENABLE_DEBUG_INFO = YES;
				ONLY_ACTIVE_ARCH = YES;
				SDKROOT = macosx;
			};
			name = Debug;
		};
		525CBC441B0343BC00CA6126 /* Release */ = {
			isa = XCBuildConfiguration;
			buildSettings = {
				ALWAYS_SEARCH_USER_PATHS = NO;
				CLANG_CXX_LANGUAGE_STANDARD = "gnu++0x";
				CLANG_CXX_LIBRARY = "libc++";
				CLANG_ENABLE_MODULES = YES;
				CLANG_ENABLE_OBJC_ARC = YES;
				CLANG_WARN_BOOL_CONVERSION = YES;
				CLANG_WARN_CONSTANT_CONVERSION = YES;
				CLANG_WARN_DIRECT_OBJC_ISA_USAGE = YES_ERROR;
				CLANG_WARN_EMPTY_BODY = YES;
				CLANG_WARN_ENUM_CONVERSION = YES;
				CLANG_WARN_INT_CONVERSION = YES;
				CLANG_WARN_OBJC_ROOT_CLASS = YES_ERROR;
				CLANG_WARN_UNREACHABLE_CODE = YES;
				CLANG_WARN__DUPLICATE_METHOD_MATCH = YES;
				COPY_PHASE_STRIP = NO;
				DEBUG_INFORMATION_FORMAT = "dwarf-with-dsym";
				ENABLE_NS_ASSERTIONS = NO;
				ENABLE_STRICT_OBJC_MSGSEND = YES;
				GCC_C_LANGUAGE_STANDARD = gnu99;
				GCC_NO_COMMON_BLOCKS = YES;
				GCC_WARN_64_TO_32_BIT_CONVERSION = YES;
				GCC_WARN_ABOUT_RETURN_TYPE = YES_ERROR;
				GCC_WARN_UNDECLARED_SELECTOR = YES;
				GCC_WARN_UNINITIALIZED_AUTOS = YES_AGGRESSIVE;
				GCC_WARN_UNUSED_FUNCTION = YES;
				GCC_WARN_UNUSED_VARIABLE = YES;
				MACOSX_DEPLOYMENT_TARGET = 10.10;
				MTL_ENABLE_DEBUG_INFO = NO;
				SDKROOT = macosx;
			};
			name = Release;
		};
		525CBC461B0343BC00CA6126 /* Debug */ = {
			isa = XCBuildConfiguration;
			buildSettings = {
				PRODUCT_NAME = "$(TARGET_NAME)";
			};
			name = Debug;
		};
		525CBC471B0343BC00CA6126 /* Release */ = {
			isa = XCBuildConfiguration;
			buildSettings = {
				PRODUCT_NAME = "$(TARGET_NAME)";
			};
			name = Release;
		};
/* End XCBuildConfiguration section */

/* Begin XCConfigurationList section */
		525CBC391B0343BC00CA6126 /* Build configuration list for PBXProject "Graph" */ = {
			isa = XCConfigurationList;
			buildConfigurations = (
				525CBC431B0343BC00CA6126 /* Debug */,
				525CBC441B0343BC00CA6126 /* Release */,
			);
			defaultConfigurationIsVisible = 0;
			defaultConfigurationName = Release;
		};
		525CBC451B0343BC00CA6126 /* Build configuration list for PBXNativeTarget "Graph" */ = {
			isa = XCConfigurationList;
			buildConfigurations = (
				525CBC461B0343BC00CA6126 /* Debug */,
				525CBC471B0343BC00CA6126 /* Release */,
			);
			defaultConfigurationIsVisible = 0;
		};
/* End XCConfigurationList section */
	};
	rootObject = 525CBC361B0343BC00CA6126 /* Project object */;
}
