// !$*UTF8*$!
{
	archiveVersion = 1;
	classes = {
	};
	objectVersion = 46;
	objects = {

/* Begin PBXBuildFile section */
		52DF99591B069F8700C8E361 /* main.cpp in Sources */ = {isa = PBXBuildFile; fileRef = 52DF99581B069F8700C8E361 /* main.cpp */; };
		52DF997A1B06A00500C8E361 /* Graph.cpp in Sources */ = {isa = PBXBuildFile; fileRef = 52DF99781B06A00500C8E361 /* Graph.cpp */; };
/* End PBXBuildFile section */

/* Begin PBXCopyFilesBuildPhase section */
		52DF99531B069F8700C8E361 /* CopyFiles */ = {
			isa = PBXCopyFilesBuildPhase;
			buildActionMask = 2147483647;
			dstPath = /usr/share/man/man1/;
			dstSubfolderSpec = 0;
			files = (
			);
			runOnlyForDeploymentPostprocessing = 1;
		};
/* End PBXCopyFilesBuildPhase section */

/* Begin PBXFileReference section */
		52DF99551B069F8700C8E361 /* Cycle */ = {isa = PBXFileReference; explicitFileType = "compiled.mach-o.executable"; includeInIndex = 0; path = Cycle; sourceTree = BUILT_PRODUCTS_DIR; };
		52DF99581B069F8700C8E361 /* main.cpp */ = {isa = PBXFileReference; lastKnownFileType = sourcecode.cpp.cpp; path = main.cpp; sourceTree = "<group>"; };
		52DF99781B06A00500C8E361 /* Graph.cpp */ = {isa = PBXFileReference; fileEncoding = 4; lastKnownFileType = sourcecode.cpp.cpp; path = Graph.cpp; sourceTree = "<group>"; };
		52DF99791B06A00500C8E361 /* Graph.h */ = {isa = PBXFileReference; fileEncoding = 4; lastKnownFileType = sourcecode.c.h; path = Graph.h; sourceTree = "<group>"; };
		52DF997B1B06A03100C8E361 /* test.txt */ = {isa = PBXFileReference; fileEncoding = 4; lastKnownFileType = text; path = test.txt; sourceTree = "<group>"; };
/* End PBXFileReference section */

/* Begin PBXFrameworksBuildPhase section */
		52DF99521B069F8700C8E361 /* Frameworks */ = {
			isa = PBXFrameworksBuildPhase;
			buildActionMask = 2147483647;
			files = (
			);
			runOnlyForDeploymentPostprocessing = 0;
		};
/* End PBXFrameworksBuildPhase section */

/* Begin PBXGroup section */
		52DF994C1B069F8700C8E361 = {
			isa = PBXGroup;
			children = (
				52DF99571B069F8700C8E361 /* Cycle */,
				52DF99561B069F8700C8E361 /* Products */,
			);
			sourceTree = "<group>";
		};
		52DF99561B069F8700C8E361 /* Products */ = {
			isa = PBXGroup;
			children = (
				52DF99551B069F8700C8E361 /* Cycle */,
			);
			name = Products;
			sourceTree = "<group>";
		};
		52DF99571B069F8700C8E361 /* Cycle */ = {
			isa = PBXGroup;
			children = (
				52DF99581B069F8700C8E361 /* main.cpp */,
				52DF997B1B06A03100C8E361 /* test.txt */,
				52DF99781B06A00500C8E361 /* Graph.cpp */,
				52DF99791B06A00500C8E361 /* Graph.h */,
			);
			path = Cycle;
			sourceTree = "<group>";
		};
/* End PBXGroup section */

/* Begin PBXNativeTarget section */
		52DF99541B069F8700C8E361 /* Cycle */ = {
			isa = PBXNativeTarget;
			buildConfigurationList = 52DF995C1B069F8700C8E361 /* Build configuration list for PBXNativeTarget "Cycle" */;
			buildPhases = (
				52DF99511B069F8700C8E361 /* Sources */,
				52DF99521B069F8700C8E361 /* Frameworks */,
				52DF99531B069F8700C8E361 /* CopyFiles */,
			);
			buildRules = (
			);
			dependencies = (
			);
			name = Cycle;
			productName = Cycle;
			productReference = 52DF99551B069F8700C8E361 /* Cycle */;
			productType = "com.apple.product-type.tool";
		};
/* End PBXNativeTarget section */

/* Begin PBXProject section */
		52DF994D1B069F8700C8E361 /* Project object */ = {
			isa = PBXProject;
			attributes = {
				LastUpgradeCheck = 0630;
				ORGANIZATIONNAME = "Anton Karazeev";
				TargetAttributes = {
					52DF99541B069F8700C8E361 = {
						CreatedOnToolsVersion = 6.3.1;
					};
				};
			};
			buildConfigurationList = 52DF99501B069F8700C8E361 /* Build configuration list for PBXProject "Cycle" */;
			compatibilityVersion = "Xcode 3.2";
			developmentRegion = English;
			hasScannedForEncodings = 0;
			knownRegions = (
				en,
			);
			mainGroup = 52DF994C1B069F8700C8E361;
			productRefGroup = 52DF99561B069F8700C8E361 /* Products */;
			projectDirPath = "";
			projectRoot = "";
			targets = (
				52DF99541B069F8700C8E361 /* Cycle */,
			);
		};
/* End PBXProject section */

/* Begin PBXSourcesBuildPhase section */
		52DF99511B069F8700C8E361 /* Sources */ = {
			isa = PBXSourcesBuildPhase;
			buildActionMask = 2147483647;
			files = (
				52DF997A1B06A00500C8E361 /* Graph.cpp in Sources */,
				52DF99591B069F8700C8E361 /* main.cpp in Sources */,
			);
			runOnlyForDeploymentPostprocessing = 0;
		};
/* End PBXSourcesBuildPhase section */

/* Begin XCBuildConfiguration section */
		52DF995A1B069F8700C8E361 /* Debug */ = {
			isa = XCBuildConfiguration;
			buildSettings = {
				ALWAYS_SEARCH_USER_PATHS = NO;
				CLANG_CXX_LANGUAGE_STANDARD = "gnu++0x";
				CLANG_CXX_LIBRARY = "libc++";
				CLANG_ENABLE_MODULES = YES;
				CLANG_ENABLE_OBJC_ARC = YES;
				CLANG_WARN_BOOL_CONVERSION = YES;
				CLANG_WARN_CONSTANT_CONVERSION = YES;
				CLANG_WARN_DIRECT_OBJC_ISA_USAGE = YES_ERROR;
				CLANG_WARN_EMPTY_BODY = YES;
				CLANG_WARN_ENUM_CONVERSION = YES;
				CLANG_WARN_INT_CONVERSION = YES;
				CLANG_WARN_OBJC_ROOT_CLASS = YES_ERROR;
				CLANG_WARN_UNREACHABLE_CODE = YES;
				CLANG_WARN__DUPLICATE_METHOD_MATCH = YES;
				COPY_PHASE_STRIP = NO;
				DEBUG_INFORMATION_FORMAT = dwarf;
				ENABLE_STRICT_OBJC_MSGSEND = YES;
				GCC_C_LANGUAGE_STANDARD = gnu99;
				GCC_DYNAMIC_NO_PIC = NO;
				GCC_NO_COMMON_BLOCKS = YES;
				GCC_OPTIMIZATION_LEVEL = 0;
				GCC_PREPROCESSOR_DEFINITIONS = (
					"DEBUG=1",
					"$(inherited)",
				);
				GCC_SYMBOLS_PRIVATE_EXTERN = NO;
				GCC_WARN_64_TO_32_BIT_CONVERSION = YES;
				GCC_WARN_ABOUT_RETURN_TYPE = YES_ERROR;
				GCC_WARN_UNDECLARED_SELECTOR = YES;
				GCC_WARN_UNINITIALIZED_AUTOS = YES_AGGRESSIVE;
				GCC_WARN_UNUSED_FUNCTION = YES;
				GCC_WARN_UNUSED_VARIABLE = YES;
				MACOSX_DEPLOYMENT_TARGET = 10.10;
				MTL_ENABLE_DEBUG_INFO = YES;
				ONLY_ACTIVE_ARCH = YES;
				SDKROOT = macosx;
			};
			name = Debug;
		};
		52DF995B1B069F8700C8E361 /* Release */ = {
			isa = XCBuildConfiguration;
			buildSettings = {
				ALWAYS_SEARCH_USER_PATHS = NO;
				CLANG_CXX_LANGUAGE_STANDARD = "gnu++0x";
				CLANG_CXX_LIBRARY = "libc++";
				CLANG_ENABLE_MODULES = YES;
				CLANG_ENABLE_OBJC_ARC = YES;
				CLANG_WARN_BOOL_CONVERSION = YES;
				CLANG_WARN_CONSTANT_CONVERSION = YES;
				CLANG_WARN_DIRECT_OBJC_ISA_USAGE = YES_ERROR;
				CLANG_WARN_EMPTY_BODY = YES;
				CLANG_WARN_ENUM_CONVERSION = YES;
				CLANG_WARN_INT_CONVERSION = YES;
				CLANG_WARN_OBJC_ROOT_CLASS = YES_ERROR;
				CLANG_WARN_UNREACHABLE_CODE = YES;
				CLANG_WARN__DUPLICATE_METHOD_MATCH = YES;
				COPY_PHASE_STRIP = NO;
				DEBUG_INFORMATION_FORMAT = "dwarf-with-dsym";
				ENABLE_NS_ASSERTIONS = NO;
				ENABLE_STRICT_OBJC_MSGSEND = YES;
				GCC_C_LANGUAGE_STANDARD = gnu99;
				GCC_NO_COMMON_BLOCKS = YES;
				GCC_WARN_64_TO_32_BIT_CONVERSION = YES;
				GCC_WARN_ABOUT_RETURN_TYPE = YES_ERROR;
				GCC_WARN_UNDECLARED_SELECTOR = YES;
				GCC_WARN_UNINITIALIZED_AUTOS = YES_AGGRESSIVE;
				GCC_WARN_UNUSED_FUNCTION = YES;
				GCC_WARN_UNUSED_VARIABLE = YES;
				MACOSX_DEPLOYMENT_TARGET = 10.10;
				MTL_ENABLE_DEBUG_INFO = NO;
				SDKROOT = macosx;
			};
			name = Release;
		};
		52DF995D1B069F8700C8E361 /* Debug */ = {
			isa = XCBuildConfiguration;
			buildSettings = {
				PRODUCT_NAME = "$(TARGET_NAME)";
			};
			name = Debug;
		};
		52DF995E1B069F8700C8E361 /* Release */ = {
			isa = XCBuildConfiguration;
			buildSettings = {
				PRODUCT_NAME = "$(TARGET_NAME)";
			};
			name = Release;
		};
/* End XCBuildConfiguration section */

/* Begin XCConfigurationList section */
		52DF99501B069F8700C8E361 /* Build configuration list for PBXProject "Cycle" */ = {
			isa = XCConfigurationList;
			buildConfigurations = (
				52DF995A1B069F8700C8E361 /* Debug */,
				52DF995B1B069F8700C8E361 /* Release */,
			);
			defaultConfigurationIsVisible = 0;
			defaultConfigurationName = Release;
		};
		52DF995C1B069F8700C8E361 /* Build configuration list for PBXNativeTarget "Cycle" */ = {
			isa = XCConfigurationList;
			buildConfigurations = (
				52DF995D1B069F8700C8E361 /* Debug */,
				52DF995E1B069F8700C8E361 /* Release */,
			);
			defaultConfigurationIsVisible = 0;
		};
/* End XCConfigurationList section */
	};
	rootObject = 52DF994D1B069F8700C8E361 /* Project object */;
}
